
Microsoft Visual Studio Solution File, Format Version 12.00
# Visual Studio Version 17
VisualStudioVersion = 17.14.36623.8
MinimumVisualStudioVersion = 10.0.40219.1
Project("{FAE04EC0-301F-11D3-BF4B-00C04F79EFBC}") = "EwidencjaPojazdow", "EwidencjaPojazdow.csproj", "{3B5AD8BD-F54E-49D0-A9FB-FE9C76D019EA}"
EndProject
Global
	GlobalSection(SolutionConfigurationPlatforms) = preSolution
		Debug|Any CPU = Debug|Any CPU
		Release|Any CPU = Release|Any CPU
	EndGlobalSection
	GlobalSection(ProjectConfigurationPlatforms) = postSolution
		{3B5AD8BD-F54E-49D0-A9FB-FE9C76D019EA}.Debug|Any CPU.ActiveCfg = Debug|Any CPU
		{3B5AD8BD-F54E-49D0-A9FB-FE9C76D019EA}.Debug|Any CPU.Build.0 = Debug|Any CPU
		{3B5AD8BD-F54E-49D0-A9FB-FE9C76D019EA}.Release|Any CPU.ActiveCfg = Release|Any CPU
		{3B5AD8BD-F54E-49D0-A9FB-FE9C76D019EA}.Release|Any CPU.Build.0 = Release|Any CPU
	EndGlobalSection
	GlobalSection(SolutionProperties) = preSolution
		HideSolutionNode = FALSE
	EndGlobalSection
	GlobalSection(ExtensibilityGlobals) = postSolution
		SolutionGuid = {DD0C7513-0C68-4FA2-A144-3F85A332BF9D}
	EndGlobalSection
EndGlobal
